
Microsoft Visual Studio Solution File, Format Version 12.00
# Visual Studio Version 17
VisualStudioVersion = 17.4.33205.214
MinimumVisualStudioVersion = 10.0.40219.1
Project("{9A19103F-16F7-4668-BE54-9A1E7A4F7556}") = "RedisOM", "RedisOM\RedisOM.csproj", "{76EAAB82-6F48-4F39-84D5-36FD26D70BA4}"
EndProject
Project("{FAE04EC0-301F-11D3-BF4B-00C04F79EFBC}") = "WebApplicationRedis", "WebApplicationRedis\WebApplicationRedis.csproj", "{449BF5E9-009E-4697-B334-1A185D3BC282}"
EndProject
Global
	GlobalSection(SolutionConfigurationPlatforms) = preSolution
		Debug|Any CPU = Debug|Any CPU
		Release|Any CPU = Release|Any CPU
	EndGlobalSection
	GlobalSection(ProjectConfigurationPlatforms) = postSolution
		{76EAAB82-6F48-4F39-84D5-36FD26D70BA4}.Debug|Any CPU.ActiveCfg = Debug|Any CPU
		{76EAAB82-6F48-4F39-84D5-36FD26D70BA4}.Debug|Any CPU.Build.0 = Debug|Any CPU
		{76EAAB82-6F48-4F39-84D5-36FD26D70BA4}.Release|Any CPU.ActiveCfg = Release|Any CPU
		{76EAAB82-6F48-4F39-84D5-36FD26D70BA4}.Release|Any CPU.Build.0 = Release|Any CPU
		{449BF5E9-009E-4697-B334-1A185D3BC282}.Debug|Any CPU.ActiveCfg = Debug|Any CPU
		{449BF5E9-009E-4697-B334-1A185D3BC282}.Debug|Any CPU.Build.0 = Debug|Any CPU
		{449BF5E9-009E-4697-B334-1A185D3BC282}.Release|Any CPU.ActiveCfg = Release|Any CPU
		{449BF5E9-009E-4697-B334-1A185D3BC282}.Release|Any CPU.Build.0 = Release|Any CPU
	EndGlobalSection
	GlobalSection(SolutionProperties) = preSolution
		HideSolutionNode = FALSE
	EndGlobalSection
	GlobalSection(ExtensibilityGlobals) = postSolution
		SolutionGuid = {34803E3A-BB9D-4E8B-9D12-3796387F6FE1}
	EndGlobalSection
EndGlobal
